
Microsoft Visual Studio Solution File, Format Version 12.00
# Visual Studio Version 17
VisualStudioVersion = 17.11.35222.181
MinimumVisualStudioVersion = 10.0.40219.1
Project("{9A19103F-16F7-4668-BE54-9A1E7A4F7556}") = "NameSorter.Application", "NameSorter.Application\NameSorter.Application.csproj", "{1FEEA235-093D-4C21-A0D7-A8ED3E0BCD19}"
EndProject
Project("{9A19103F-16F7-4668-BE54-9A1E7A4F7556}") = "NameSorter.Domain", "NameSorter.Domain\NameSorter.Domain.csproj", "{F2B5DFB2-A199-431D-B210-AACF18126383}"
EndProject
Project("{FAE04EC0-301F-11D3-BF4B-00C04F79EFBC}") = "NameSorter.Tests", "NameSorter.Tests\NameSorter.Tests.csproj", "{426A25B1-AE63-4334-AA5D-7CB45A1894F2}"
EndProject
Global
	GlobalSection(SolutionConfigurationPlatforms) = preSolution
		Debug|Any CPU = Debug|Any CPU
		Release|Any CPU = Release|Any CPU
	EndGlobalSection
	GlobalSection(ProjectConfigurationPlatforms) = postSolution
		{1FEEA235-093D-4C21-A0D7-A8ED3E0BCD19}.Debug|Any CPU.ActiveCfg = Debug|Any CPU
		{1FEEA235-093D-4C21-A0D7-A8ED3E0BCD19}.Debug|Any CPU.Build.0 = Debug|Any CPU
		{1FEEA235-093D-4C21-A0D7-A8ED3E0BCD19}.Release|Any CPU.ActiveCfg = Release|Any CPU
		{1FEEA235-093D-4C21-A0D7-A8ED3E0BCD19}.Release|Any CPU.Build.0 = Release|Any CPU
		{F2B5DFB2-A199-431D-B210-AACF18126383}.Debug|Any CPU.ActiveCfg = Debug|Any CPU
		{F2B5DFB2-A199-431D-B210-AACF18126383}.Debug|Any CPU.Build.0 = Debug|Any CPU
		{F2B5DFB2-A199-431D-B210-AACF18126383}.Release|Any CPU.ActiveCfg = Release|Any CPU
		{F2B5DFB2-A199-431D-B210-AACF18126383}.Release|Any CPU.Build.0 = Release|Any CPU
		{426A25B1-AE63-4334-AA5D-7CB45A1894F2}.Debug|Any CPU.ActiveCfg = Debug|Any CPU
		{426A25B1-AE63-4334-AA5D-7CB45A1894F2}.Debug|Any CPU.Build.0 = Debug|Any CPU
		{426A25B1-AE63-4334-AA5D-7CB45A1894F2}.Release|Any CPU.ActiveCfg = Release|Any CPU
		{426A25B1-AE63-4334-AA5D-7CB45A1894F2}.Release|Any CPU.Build.0 = Release|Any CPU
	EndGlobalSection
	GlobalSection(SolutionProperties) = preSolution
		HideSolutionNode = FALSE
	EndGlobalSection
	GlobalSection(ExtensibilityGlobals) = postSolution
		SolutionGuid = {5CC1A775-A662-4F52-8A54-E3A6C9F3EFC9}
	EndGlobalSection
EndGlobal
